# This file is generated by running "yarn install" inside your project.
# Manual changes might be lost - proceed with caution!

__metadata:
  version: 6
  cacheKey: 8

"@types/node@npm:17.0.38":
  version: 17.0.38
  resolution: "@types/node@npm:17.0.38"
  checksum: 9db1c39d603850ced665ab60b8f8ebce674ff9d762dfff0f776d520e71e4d73fdcd4c7f69213b804d878cf3e726911b09cae4ee66e35ae2724538de9f4838681
  languageName: node
  linkType: hard

"engine@workspace:packages/engine":
  version: 0.0.0-use.local
  resolution: "engine@workspace:packages/engine"
  dependencies:
    types: "workspace:*"
  languageName: unknown
  linkType: soft

"potion@workspace:.":
  version: 0.0.0-use.local
  resolution: "potion@workspace:."
  dependencies:
    typescript: "*"
  languageName: unknown
  linkType: soft

"server@workspace:packages/ui":
  version: 0.0.0-use.local
  resolution: "server@workspace:packages/ui"
  languageName: unknown
  linkType: soft

"types@workspace:*, types@workspace:packages/types":
  version: 0.0.0-use.local
  resolution: "types@workspace:packages/types"
  dependencies:
    "@types/node": "*"
    typescript: "*"
  languageName: unknown
  linkType: soft

"typescript@npm:4.7.2":
  version: 4.7.2
  resolution: "typescript@npm:4.7.2"
  bin:
    tsc: bin/tsc
    tsserver: bin/tsserver
  checksum: 5163585e6b56410f77d5483b698d9489bbee8902c99029eb70cf6d21525a186530ce19a00951af84eefd4a131cc51d0959f5118e25e70ab61f45ac4057dbd1ef
  languageName: node
  linkType: hard

"typescript@patch:typescript@npm%3A4.7.2#~builtin<compat/typescript>":
  version: 4.7.2
  resolution: "typescript@patch:typescript@npm%3A4.7.2#~builtin<compat/typescript>::version=4.7.2&hash=7ad353"
  bin:
    tsc: bin/tsc
    tsserver: bin/tsserver
  checksum: 7e2b9a9f4a70fb7616f1b0d986977f8e34a74f046202fa7f24fdee79589598277810fa216b3776c20c0683a9235872c73be34fdb93f67f98c1efaca40999422f
  languageName: node
  linkType: hard
