# This file is generated by running "yarn install" inside your project.
# Manual changes might be lost - proceed with caution!

__metadata:
  version: 6

"potion@workspace:.":
  version: 0.0.0-use.local
  resolution: "potion@workspace:."
  languageName: unknown
  linkType: soft

"server@workspace:packages/ui":
  version: 0.0.0-use.local
  resolution: "server@workspace:packages/ui"
  languageName: unknown
  linkType: soft
